
Microsoft Visual Studio Solution File, Format Version 12.00
# Visual Studio Version 16
VisualStudioVersion = 16.0.30002.166
MinimumVisualStudioVersion = 10.0.40219.1
Project("{FAE04EC0-301F-11D3-BF4B-00C04F79EFBC}") = "DiskinvLC", "DiskinvLC\DiskinvLC.csproj", "{783BA0EC-0CB6-4AB3-85BA-42199D397A46}"
EndProject
Global
	GlobalSection(SolutionConfigurationPlatforms) = preSolution
		Debug|Any CPU = Debug|Any CPU
		Release|Any CPU = Release|Any CPU
	EndGlobalSection
	GlobalSection(ProjectConfigurationPlatforms) = postSolution
		{783BA0EC-0CB6-4AB3-85BA-42199D397A46}.Debug|Any CPU.ActiveCfg = Debug|Any CPU
		{783BA0EC-0CB6-4AB3-85BA-42199D397A46}.Debug|Any CPU.Build.0 = Debug|Any CPU
		{783BA0EC-0CB6-4AB3-85BA-42199D397A46}.Release|Any CPU.ActiveCfg = Release|Any CPU
		{783BA0EC-0CB6-4AB3-85BA-42199D397A46}.Release|Any CPU.Build.0 = Release|Any CPU
	EndGlobalSection
	GlobalSection(SolutionProperties) = preSolution
		HideSolutionNode = FALSE
	EndGlobalSection
	GlobalSection(ExtensibilityGlobals) = postSolution
		SolutionGuid = {7C92D2CF-0997-4946-86E7-B662D84E82D5}
	EndGlobalSection
EndGlobal
